// !$*UTF8*$!
{
	archiveVersion = 1;
	classes = {
	};
	objectVersion = 46;
	objects = {

/* Begin PBXBuildFile section */
		2CE427E319BE7CE6003CB25A /* Foundation.framework in Frameworks */ = {isa = PBXBuildFile; fileRef = 2CE427E219BE7CE6003CB25A /* Foundation.framework */; };
		2CE427E519BE7CE6003CB25A /* CoreGraphics.framework in Frameworks */ = {isa = PBXBuildFile; fileRef = 2CE427E419BE7CE6003CB25A /* CoreGraphics.framework */; };
		2CE427E719BE7CE6003CB25A /* UIKit.framework in Frameworks */ = {isa = PBXBuildFile; fileRef = 2CE427E619BE7CE6003CB25A /* UIKit.framework */; };
		2CE427ED19BE7CE6003CB25A /* InfoPlist.strings in Resources */ = {isa = PBXBuildFile; fileRef = 2CE427EB19BE7CE6003CB25A /* InfoPlist.strings */; };
		2CE427EF19BE7CE6003CB25A /* main.m in Sources */ = {isa = PBXBuildFile; fileRef = 2CE427EE19BE7CE6003CB25A /* main.m */; };
		2CE427F319BE7CE6003CB25A /* VEAppDelegate.m in Sources */ = {isa = PBXBuildFile; fileRef = 2CE427F219BE7CE6003CB25A /* VEAppDelegate.m */; };
		2CE427F619BE7CE6003CB25A /* Main_iPhone.storyboard in Resources */ = {isa = PBXBuildFile; fileRef = 2CE427F419BE7CE6003CB25A /* Main_iPhone.storyboard */; };
		2CE427F919BE7CE6003CB25A /* Main_iPad.storyboard in Resources */ = {isa = PBXBuildFile; fileRef = 2CE427F719BE7CE6003CB25A /* Main_iPad.storyboard */; };
		2CE427FE19BE7CE6003CB25A /* Images.xcassets in Resources */ = {isa = PBXBuildFile; fileRef = 2CE427FD19BE7CE6003CB25A /* Images.xcassets */; };
		2CE4280519BE7CE6003CB25A /* XCTest.framework in Frameworks */ = {isa = PBXBuildFile; fileRef = 2CE4280419BE7CE6003CB25A /* XCTest.framework */; };
		2CE4280619BE7CE6003CB25A /* Foundation.framework in Frameworks */ = {isa = PBXBuildFile; fileRef = 2CE427E219BE7CE6003CB25A /* Foundation.framework */; };
		2CE4280719BE7CE6003CB25A /* UIKit.framework in Frameworks */ = {isa = PBXBuildFile; fileRef = 2CE427E619BE7CE6003CB25A /* UIKit.framework */; };
		2CE4280F19BE7CE6003CB25A /* InfoPlist.strings in Resources */ = {isa = PBXBuildFile; fileRef = 2CE4280D19BE7CE6003CB25A /* InfoPlist.strings */; };
		2CE4281119BE7CE6003CB25A /* VERiceFieldAnimationDemoTests.m in Sources */ = {isa = PBXBuildFile; fileRef = 2CE4281019BE7CE6003CB25A /* VERiceFieldAnimationDemoTests.m */; };
		2CE4281E19BE7D4F003CB25A /* DEMOMasterViewController.m in Sources */ = {isa = PBXBuildFile; fileRef = 2CE4281D19BE7D4F003CB25A /* DEMOMasterViewController.m */; };
		2CE4282119BE7D78003CB25A /* DEMODetailViewController.m in Sources */ = {isa = PBXBuildFile; fileRef = 2CE4282019BE7D78003CB25A /* DEMODetailViewController.m */; };
		2CE4282519BE833A003CB25A /* UINavigationController+Additions.m in Sources */ = {isa = PBXBuildFile; fileRef = 2CE4282419BE833A003CB25A /* UINavigationController+Additions.m */; };
/* End PBXBuildFile section */

/* Begin PBXContainerItemProxy section */
		2CE4280819BE7CE6003CB25A /* PBXContainerItemProxy */ = {
			isa = PBXContainerItemProxy;
			containerPortal = 2CE427D719BE7CE6003CB25A /* Project object */;
			proxyType = 1;
			remoteGlobalIDString = 2CE427DE19BE7CE6003CB25A;
			remoteInfo = VERiceFieldAnimationDemo;
		};
/* End PBXContainerItemProxy section */

/* Begin PBXFileReference section */
		2CE427DF19BE7CE6003CB25A /* VERiceFieldAnimationDemo.app */ = {isa = PBXFileReference; explicitFileType = wrapper.application; includeInIndex = 0; path = VERiceFieldAnimationDemo.app; sourceTree = BUILT_PRODUCTS_DIR; };
		2CE427E219BE7CE6003CB25A /* Foundation.framework */ = {isa = PBXFileReference; lastKnownFileType = wrapper.framework; name = Foundation.framework; path = System/Library/Frameworks/Foundation.framework; sourceTree = SDKROOT; };
		2CE427E419BE7CE6003CB25A /* CoreGraphics.framework */ = {isa = PBXFileReference; lastKnownFileType = wrapper.framework; name = CoreGraphics.framework; path = System/Library/Frameworks/CoreGraphics.framework; sourceTree = SDKROOT; };
		2CE427E619BE7CE6003CB25A /* UIKit.framework */ = {isa = PBXFileReference; lastKnownFileType = wrapper.framework; name = UIKit.framework; path = System/Library/Frameworks/UIKit.framework; sourceTree = SDKROOT; };
		2CE427EA19BE7CE6003CB25A /* VERiceFieldAnimationDemo-Info.plist */ = {isa = PBXFileReference; lastKnownFileType = text.plist.xml; path = "VERiceFieldAnimationDemo-Info.plist"; sourceTree = "<group>"; };
		2CE427EC19BE7CE6003CB25A /* en */ = {isa = PBXFileReference; lastKnownFileType = text.plist.strings; name = en; path = en.lproj/InfoPlist.strings; sourceTree = "<group>"; };
		2CE427EE19BE7CE6003CB25A /* main.m */ = {isa = PBXFileReference; lastKnownFileType = sourcecode.c.objc; path = main.m; sourceTree = "<group>"; };
		2CE427F019BE7CE6003CB25A /* VERiceFieldAnimationDemo-Prefix.pch */ = {isa = PBXFileReference; lastKnownFileType = sourcecode.c.h; path = "VERiceFieldAnimationDemo-Prefix.pch"; sourceTree = "<group>"; };
		2CE427F119BE7CE6003CB25A /* VEAppDelegate.h */ = {isa = PBXFileReference; lastKnownFileType = sourcecode.c.h; path = VEAppDelegate.h; sourceTree = "<group>"; };
		2CE427F219BE7CE6003CB25A /* VEAppDelegate.m */ = {isa = PBXFileReference; lastKnownFileType = sourcecode.c.objc; path = VEAppDelegate.m; sourceTree = "<group>"; };
		2CE427F519BE7CE6003CB25A /* Base */ = {isa = PBXFileReference; lastKnownFileType = file.storyboard; name = Base; path = Base.lproj/Main_iPhone.storyboard; sourceTree = "<group>"; };
		2CE427F819BE7CE6003CB25A /* Base */ = {isa = PBXFileReference; lastKnownFileType = file.storyboard; name = Base; path = Base.lproj/Main_iPad.storyboard; sourceTree = "<group>"; };
		2CE427FD19BE7CE6003CB25A /* Images.xcassets */ = {isa = PBXFileReference; lastKnownFileType = folder.assetcatalog; path = Images.xcassets; sourceTree = "<group>"; };
		2CE4280319BE7CE6003CB25A /* VERiceFieldAnimationDemoTests.xctest */ = {isa = PBXFileReference; explicitFileType = wrapper.cfbundle; includeInIndex = 0; path = VERiceFieldAnimationDemoTests.xctest; sourceTree = BUILT_PRODUCTS_DIR; };
		2CE4280419BE7CE6003CB25A /* XCTest.framework */ = {isa = PBXFileReference; lastKnownFileType = wrapper.framework; name = XCTest.framework; path = Library/Frameworks/XCTest.framework; sourceTree = DEVELOPER_DIR; };
		2CE4280C19BE7CE6003CB25A /* VERiceFieldAnimationDemoTests-Info.plist */ = {isa = PBXFileReference; lastKnownFileType = text.plist.xml; path = "VERiceFieldAnimationDemoTests-Info.plist"; sourceTree = "<group>"; };
		2CE4280E19BE7CE6003CB25A /* en */ = {isa = PBXFileReference; lastKnownFileType = text.plist.strings; name = en; path = en.lproj/InfoPlist.strings; sourceTree = "<group>"; };
		2CE4281019BE7CE6003CB25A /* VERiceFieldAnimationDemoTests.m */ = {isa = PBXFileReference; lastKnownFileType = sourcecode.c.objc; path = VERiceFieldAnimationDemoTests.m; sourceTree = "<group>"; };
		2CE4281C19BE7D4F003CB25A /* DEMOMasterViewController.h */ = {isa = PBXFileReference; fileEncoding = 4; lastKnownFileType = sourcecode.c.h; path = DEMOMasterViewController.h; sourceTree = "<group>"; };
		2CE4281D19BE7D4F003CB25A /* DEMOMasterViewController.m */ = {isa = PBXFileReference; fileEncoding = 4; lastKnownFileType = sourcecode.c.objc; path = DEMOMasterViewController.m; sourceTree = "<group>"; };
		2CE4281F19BE7D78003CB25A /* DEMODetailViewController.h */ = {isa = PBXFileReference; fileEncoding = 4; lastKnownFileType = sourcecode.c.h; path = DEMODetailViewController.h; sourceTree = "<group>"; };
		2CE4282019BE7D78003CB25A /* DEMODetailViewController.m */ = {isa = PBXFileReference; fileEncoding = 4; lastKnownFileType = sourcecode.c.objc; path = DEMODetailViewController.m; sourceTree = "<group>"; };
		2CE4282319BE833A003CB25A /* UINavigationController+Additions.h */ = {isa = PBXFileReference; fileEncoding = 4; lastKnownFileType = sourcecode.c.h; path = "UINavigationController+Additions.h"; sourceTree = "<group>"; };
		2CE4282419BE833A003CB25A /* UINavigationController+Additions.m */ = {isa = PBXFileReference; fileEncoding = 4; lastKnownFileType = sourcecode.c.objc; path = "UINavigationController+Additions.m"; sourceTree = "<group>"; };
/* End PBXFileReference section */

/* Begin PBXFrameworksBuildPhase section */
		2CE427DC19BE7CE6003CB25A /* Frameworks */ = {
			isa = PBXFrameworksBuildPhase;
			buildActionMask = 2147483647;
			files = (
				2CE427E519BE7CE6003CB25A /* CoreGraphics.framework in Frameworks */,
				2CE427E719BE7CE6003CB25A /* UIKit.framework in Frameworks */,
				2CE427E319BE7CE6003CB25A /* Foundation.framework in Frameworks */,
			);
			runOnlyForDeploymentPostprocessing = 0;
		};
		2CE4280019BE7CE6003CB25A /* Frameworks */ = {
			isa = PBXFrameworksBuildPhase;
			buildActionMask = 2147483647;
			files = (
				2CE4280519BE7CE6003CB25A /* XCTest.framework in Frameworks */,
				2CE4280719BE7CE6003CB25A /* UIKit.framework in Frameworks */,
				2CE4280619BE7CE6003CB25A /* Foundation.framework in Frameworks */,
			);
			runOnlyForDeploymentPostprocessing = 0;
		};
/* End PBXFrameworksBuildPhase section */

/* Begin PBXGroup section */
		2CE427D619BE7CE6003CB25A = {
			isa = PBXGroup;
			children = (
				2CE427E819BE7CE6003CB25A /* VERiceFieldAnimationDemo */,
				2CE4280A19BE7CE6003CB25A /* VERiceFieldAnimationDemoTests */,
				2CE427E119BE7CE6003CB25A /* Frameworks */,
				2CE427E019BE7CE6003CB25A /* Products */,
			);
			sourceTree = "<group>";
		};
		2CE427E019BE7CE6003CB25A /* Products */ = {
			isa = PBXGroup;
			children = (
				2CE427DF19BE7CE6003CB25A /* VERiceFieldAnimationDemo.app */,
				2CE4280319BE7CE6003CB25A /* VERiceFieldAnimationDemoTests.xctest */,
			);
			name = Products;
			sourceTree = "<group>";
		};
		2CE427E119BE7CE6003CB25A /* Frameworks */ = {
			isa = PBXGroup;
			children = (
				2CE427E219BE7CE6003CB25A /* Foundation.framework */,
				2CE427E419BE7CE6003CB25A /* CoreGraphics.framework */,
				2CE427E619BE7CE6003CB25A /* UIKit.framework */,
				2CE4280419BE7CE6003CB25A /* XCTest.framework */,
			);
			name = Frameworks;
			sourceTree = "<group>";
		};
		2CE427E819BE7CE6003CB25A /* VERiceFieldAnimationDemo */ = {
			isa = PBXGroup;
			children = (
				2CE427F119BE7CE6003CB25A /* VEAppDelegate.h */,
				2CE427F219BE7CE6003CB25A /* VEAppDelegate.m */,
				2CE427F419BE7CE6003CB25A /* Main_iPhone.storyboard */,
				2CE427F719BE7CE6003CB25A /* Main_iPad.storyboard */,
				2CE4281C19BE7D4F003CB25A /* DEMOMasterViewController.h */,
				2CE4281D19BE7D4F003CB25A /* DEMOMasterViewController.m */,
				2CE4281F19BE7D78003CB25A /* DEMODetailViewController.h */,
				2CE4282019BE7D78003CB25A /* DEMODetailViewController.m */,
				2CE4282319BE833A003CB25A /* UINavigationController+Additions.h */,
				2CE4282419BE833A003CB25A /* UINavigationController+Additions.m */,
				2CE4281B19BE7D24003CB25A /* VERiceFieldAnimation */,
				2CE427FD19BE7CE6003CB25A /* Images.xcassets */,
				2CE427E919BE7CE6003CB25A /* Supporting Files */,
			);
			path = VERiceFieldAnimationDemo;
			sourceTree = "<group>";
		};
		2CE427E919BE7CE6003CB25A /* Supporting Files */ = {
			isa = PBXGroup;
			children = (
				2CE427EA19BE7CE6003CB25A /* VERiceFieldAnimationDemo-Info.plist */,
				2CE427EB19BE7CE6003CB25A /* InfoPlist.strings */,
				2CE427EE19BE7CE6003CB25A /* main.m */,
				2CE427F019BE7CE6003CB25A /* VERiceFieldAnimationDemo-Prefix.pch */,
			);
			name = "Supporting Files";
			sourceTree = "<group>";
		};
		2CE4280A19BE7CE6003CB25A /* VERiceFieldAnimationDemoTests */ = {
			isa = PBXGroup;
			children = (
				2CE4281019BE7CE6003CB25A /* VERiceFieldAnimationDemoTests.m */,
				2CE4280B19BE7CE6003CB25A /* Supporting Files */,
			);
			path = VERiceFieldAnimationDemoTests;
			sourceTree = "<group>";
		};
		2CE4280B19BE7CE6003CB25A /* Supporting Files */ = {
			isa = PBXGroup;
			children = (
				2CE4280C19BE7CE6003CB25A /* VERiceFieldAnimationDemoTests-Info.plist */,
				2CE4280D19BE7CE6003CB25A /* InfoPlist.strings */,
			);
			name = "Supporting Files";
			sourceTree = "<group>";
		};
		2CE4281B19BE7D24003CB25A /* VERiceFieldAnimation */ = {
			isa = PBXGroup;
			children = (
			);
			path = VERiceFieldAnimation;
			sourceTree = SOURCE_ROOT;
		};
/* End PBXGroup section */

/* Begin PBXNativeTarget section */
		2CE427DE19BE7CE6003CB25A /* VERiceFieldAnimationDemo */ = {
			isa = PBXNativeTarget;
			buildConfigurationList = 2CE4281419BE7CE6003CB25A /* Build configuration list for PBXNativeTarget "VERiceFieldAnimationDemo" */;
			buildPhases = (
				2CE427DB19BE7CE6003CB25A /* Sources */,
				2CE427DC19BE7CE6003CB25A /* Frameworks */,
				2CE427DD19BE7CE6003CB25A /* Resources */,
			);
			buildRules = (
			);
			dependencies = (
			);
			name = VERiceFieldAnimationDemo;
			productName = VERiceFieldAnimationDemo;
			productReference = 2CE427DF19BE7CE6003CB25A /* VERiceFieldAnimationDemo.app */;
			productType = "com.apple.product-type.application";
		};
		2CE4280219BE7CE6003CB25A /* VERiceFieldAnimationDemoTests */ = {
			isa = PBXNativeTarget;
			buildConfigurationList = 2CE4281719BE7CE6003CB25A /* Build configuration list for PBXNativeTarget "VERiceFieldAnimationDemoTests" */;
			buildPhases = (
				2CE427FF19BE7CE6003CB25A /* Sources */,
				2CE4280019BE7CE6003CB25A /* Frameworks */,
				2CE4280119BE7CE6003CB25A /* Resources */,
			);
			buildRules = (
			);
			dependencies = (
				2CE4280919BE7CE6003CB25A /* PBXTargetDependency */,
			);
			name = VERiceFieldAnimationDemoTests;
			productName = VERiceFieldAnimationDemoTests;
			productReference = 2CE4280319BE7CE6003CB25A /* VERiceFieldAnimationDemoTests.xctest */;
			productType = "com.apple.product-type.bundle.unit-test";
		};
/* End PBXNativeTarget section */

/* Begin PBXProject section */
		2CE427D719BE7CE6003CB25A /* Project object */ = {
			isa = PBXProject;
			attributes = {
				CLASSPREFIX = VE;
				LastUpgradeCheck = 0510;
				ORGANIZATIONNAME = Mitsuyoshi;
				TargetAttributes = {
					2CE4280219BE7CE6003CB25A = {
						TestTargetID = 2CE427DE19BE7CE6003CB25A;
					};
				};
			};
			buildConfigurationList = 2CE427DA19BE7CE6003CB25A /* Build configuration list for PBXProject "VERiceFieldAnimationDemo" */;
			compatibilityVersion = "Xcode 3.2";
			developmentRegion = English;
			hasScannedForEncodings = 0;
			knownRegions = (
				en,
				Base,
			);
			mainGroup = 2CE427D619BE7CE6003CB25A;
			productRefGroup = 2CE427E019BE7CE6003CB25A /* Products */;
			projectDirPath = "";
			projectRoot = "";
			targets = (
				2CE427DE19BE7CE6003CB25A /* VERiceFieldAnimationDemo */,
				2CE4280219BE7CE6003CB25A /* VERiceFieldAnimationDemoTests */,
			);
		};
/* End PBXProject section */

/* Begin PBXResourcesBuildPhase section */
		2CE427DD19BE7CE6003CB25A /* Resources */ = {
			isa = PBXResourcesBuildPhase;
			buildActionMask = 2147483647;
			files = (
				2CE427F919BE7CE6003CB25A /* Main_iPad.storyboard in Resources */,
				2CE427FE19BE7CE6003CB25A /* Images.xcassets in Resources */,
				2CE427F619BE7CE6003CB25A /* Main_iPhone.storyboard in Resources */,
				2CE427ED19BE7CE6003CB25A /* InfoPlist.strings in Resources */,
			);
			runOnlyForDeploymentPostprocessing = 0;
		};
		2CE4280119BE7CE6003CB25A /* Resources */ = {
			isa = PBXResourcesBuildPhase;
			buildActionMask = 2147483647;
			files = (
				2CE4280F19BE7CE6003CB25A /* InfoPlist.strings in Resources */,
			);
			runOnlyForDeploymentPostprocessing = 0;
		};
/* End PBXResourcesBuildPhase section */

/* Begin PBXSourcesBuildPhase section */
		2CE427DB19BE7CE6003CB25A /* Sources */ = {
			isa = PBXSourcesBuildPhase;
			buildActionMask = 2147483647;
			files = (
				2CE4282119BE7D78003CB25A /* DEMODetailViewController.m in Sources */,
				2CE427EF19BE7CE6003CB25A /* main.m in Sources */,
				2CE4282519BE833A003CB25A /* UINavigationController+Additions.m in Sources */,
				2CE427F319BE7CE6003CB25A /* VEAppDelegate.m in Sources */,
				2CE4281E19BE7D4F003CB25A /* DEMOMasterViewController.m in Sources */,
			);
			runOnlyForDeploymentPostprocessing = 0;
		};
		2CE427FF19BE7CE6003CB25A /* Sources */ = {
			isa = PBXSourcesBuildPhase;
			buildActionMask = 2147483647;
			files = (
				2CE4281119BE7CE6003CB25A /* VERiceFieldAnimationDemoTests.m in Sources */,
			);
			runOnlyForDeploymentPostprocessing = 0;
		};
/* End PBXSourcesBuildPhase section */

/* Begin PBXTargetDependency section */
		2CE4280919BE7CE6003CB25A /* PBXTargetDependency */ = {
			isa = PBXTargetDependency;
			target = 2CE427DE19BE7CE6003CB25A /* VERiceFieldAnimationDemo */;
			targetProxy = 2CE4280819BE7CE6003CB25A /* PBXContainerItemProxy */;
		};
/* End PBXTargetDependency section */

/* Begin PBXVariantGroup section */
		2CE427EB19BE7CE6003CB25A /* InfoPlist.strings */ = {
			isa = PBXVariantGroup;
			children = (
				2CE427EC19BE7CE6003CB25A /* en */,
			);
			name = InfoPlist.strings;
			sourceTree = "<group>";
		};
		2CE427F419BE7CE6003CB25A /* Main_iPhone.storyboard */ = {
			isa = PBXVariantGroup;
			children = (
				2CE427F519BE7CE6003CB25A /* Base */,
			);
			name = Main_iPhone.storyboard;
			sourceTree = "<group>";
		};
		2CE427F719BE7CE6003CB25A /* Main_iPad.storyboard */ = {
			isa = PBXVariantGroup;
			children = (
				2CE427F819BE7CE6003CB25A /* Base */,
			);
			name = Main_iPad.storyboard;
			sourceTree = "<group>";
		};
		2CE4280D19BE7CE6003CB25A /* InfoPlist.strings */ = {
			isa = PBXVariantGroup;
			children = (
				2CE4280E19BE7CE6003CB25A /* en */,
			);
			name = InfoPlist.strings;
			sourceTree = "<group>";
		};
/* End PBXVariantGroup section */

/* Begin XCBuildConfiguration section */
		2CE4281219BE7CE6003CB25A /* Debug */ = {
			isa = XCBuildConfiguration;
			buildSettings = {
				ALWAYS_SEARCH_USER_PATHS = NO;
				CLANG_CXX_LANGUAGE_STANDARD = "gnu++0x";
				CLANG_CXX_LIBRARY = "libc++";
				CLANG_ENABLE_MODULES = YES;
				CLANG_ENABLE_OBJC_ARC = YES;
				CLANG_WARN_BOOL_CONVERSION = YES;
				CLANG_WARN_CONSTANT_CONVERSION = YES;
				CLANG_WARN_DIRECT_OBJC_ISA_USAGE = YES_ERROR;
				CLANG_WARN_EMPTY_BODY = YES;
				CLANG_WARN_ENUM_CONVERSION = YES;
				CLANG_WARN_INT_CONVERSION = YES;
				CLANG_WARN_OBJC_ROOT_CLASS = YES_ERROR;
				CLANG_WARN__DUPLICATE_METHOD_MATCH = YES;
				"CODE_SIGN_IDENTITY[sdk=iphoneos*]" = "iPhone Developer";
				COPY_PHASE_STRIP = NO;
				GCC_C_LANGUAGE_STANDARD = gnu99;
				GCC_DYNAMIC_NO_PIC = NO;
				GCC_OPTIMIZATION_LEVEL = 0;
				GCC_PREPROCESSOR_DEFINITIONS = (
					"DEBUG=1",
					"$(inherited)",
				);
				GCC_SYMBOLS_PRIVATE_EXTERN = NO;
				GCC_WARN_64_TO_32_BIT_CONVERSION = YES;
				GCC_WARN_ABOUT_RETURN_TYPE = YES_ERROR;
				GCC_WARN_UNDECLARED_SELECTOR = YES;
				GCC_WARN_UNINITIALIZED_AUTOS = YES_AGGRESSIVE;
				GCC_WARN_UNUSED_FUNCTION = YES;
				GCC_WARN_UNUSED_VARIABLE = YES;
				IPHONEOS_DEPLOYMENT_TARGET = 7.1;
				ONLY_ACTIVE_ARCH = YES;
				SDKROOT = iphoneos;
				TARGETED_DEVICE_FAMILY = "1,2";
			};
			name = Debug;
		};
		2CE4281319BE7CE6003CB25A /* Release */ = {
			isa = XCBuildConfiguration;
			buildSettings = {
				ALWAYS_SEARCH_USER_PATHS = NO;
				CLANG_CXX_LANGUAGE_STANDARD = "gnu++0x";
				CLANG_CXX_LIBRARY = "libc++";
				CLANG_ENABLE_MODULES = YES;
				CLANG_ENABLE_OBJC_ARC = YES;
				CLANG_WARN_BOOL_CONVERSION = YES;
				CLANG_WARN_CONSTANT_CONVERSION = YES;
				CLANG_WARN_DIRECT_OBJC_ISA_USAGE = YES_ERROR;
				CLANG_WARN_EMPTY_BODY = YES;
				CLANG_WARN_ENUM_CONVERSION = YES;
				CLANG_WARN_INT_CONVERSION = YES;
				CLANG_WARN_OBJC_ROOT_CLASS = YES_ERROR;
				CLANG_WARN__DUPLICATE_METHOD_MATCH = YES;
				"CODE_SIGN_IDENTITY[sdk=iphoneos*]" = "iPhone Developer";
				COPY_PHASE_STRIP = YES;
				ENABLE_NS_ASSERTIONS = NO;
				GCC_C_LANGUAGE_STANDARD = gnu99;
				GCC_WARN_64_TO_32_BIT_CONVERSION = YES;
				GCC_WARN_ABOUT_RETURN_TYPE = YES_ERROR;
				GCC_WARN_UNDECLARED_SELECTOR = YES;
				GCC_WARN_UNINITIALIZED_AUTOS = YES_AGGRESSIVE;
				GCC_WARN_UNUSED_FUNCTION = YES;
				GCC_WARN_UNUSED_VARIABLE = YES;
				IPHONEOS_DEPLOYMENT_TARGET = 7.1;
				SDKROOT = iphoneos;
				TARGETED_DEVICE_FAMILY = "1,2";
				VALIDATE_PRODUCT = YES;
			};
			name = Release;
		};
		2CE4281519BE7CE6003CB25A /* Debug */ = {
			isa = XCBuildConfiguration;
			buildSettings = {
				ASSETCATALOG_COMPILER_APPICON_NAME = AppIcon;
				ASSETCATALOG_COMPILER_LAUNCHIMAGE_NAME = LaunchImage;
				GCC_PRECOMPILE_PREFIX_HEADER = YES;
				GCC_PREFIX_HEADER = "VERiceFieldAnimationDemo/VERiceFieldAnimationDemo-Prefix.pch";
				INFOPLIST_FILE = "VERiceFieldAnimationDemo/VERiceFieldAnimationDemo-Info.plist";
				PRODUCT_NAME = "$(TARGET_NAME)";
				WRAPPER_EXTENSION = app;
			};
			name = Debug;
		};
		2CE4281619BE7CE6003CB25A /* Release */ = {
			isa = XCBuildConfiguration;
			buildSettings = {
				ASSETCATALOG_COMPILER_APPICON_NAME = AppIcon;
				ASSETCATALOG_COMPILER_LAUNCHIMAGE_NAME = LaunchImage;
				GCC_PRECOMPILE_PREFIX_HEADER = YES;
				GCC_PREFIX_HEADER = "VERiceFieldAnimationDemo/VERiceFieldAnimationDemo-Prefix.pch";
				INFOPLIST_FILE = "VERiceFieldAnimationDemo/VERiceFieldAnimationDemo-Info.plist";
				PRODUCT_NAME = "$(TARGET_NAME)";
				WRAPPER_EXTENSION = app;
			};
			name = Release;
		};
		2CE4281819BE7CE6003CB25A /* Debug */ = {
			isa = XCBuildConfiguration;
			buildSettings = {
				BUNDLE_LOADER = "$(BUILT_PRODUCTS_DIR)/VERiceFieldAnimationDemo.app/VERiceFieldAnimationDemo";
				FRAMEWORK_SEARCH_PATHS = (
					"$(SDKROOT)/Developer/Library/Frameworks",
					"$(inherited)",
					"$(DEVELOPER_FRAMEWORKS_DIR)",
				);
				GCC_PRECOMPILE_PREFIX_HEADER = YES;
				GCC_PREFIX_HEADER = "VERiceFieldAnimationDemo/VERiceFieldAnimationDemo-Prefix.pch";
				GCC_PREPROCESSOR_DEFINITIONS = (
					"DEBUG=1",
					"$(inherited)",
				);
				INFOPLIST_FILE = "VERiceFieldAnimationDemoTests/VERiceFieldAnimationDemoTests-Info.plist";
				PRODUCT_NAME = "$(TARGET_NAME)";
				TEST_HOST = "$(BUNDLE_LOADER)";
				WRAPPER_EXTENSION = xctest;
			};
			name = Debug;
		};
		2CE4281919BE7CE6003CB25A /* Release */ = {
			isa = XCBuildConfiguration;
			buildSettings = {
				BUNDLE_LOADER = "$(BUILT_PRODUCTS_DIR)/VERiceFieldAnimationDemo.app/VERiceFieldAnimationDemo";
				FRAMEWORK_SEARCH_PATHS = (
					"$(SDKROOT)/Developer/Library/Frameworks",
					"$(inherited)",
					"$(DEVELOPER_FRAMEWORKS_DIR)",
				);
				GCC_PRECOMPILE_PREFIX_HEADER = YES;
				GCC_PREFIX_HEADER = "VERiceFieldAnimationDemo/VERiceFieldAnimationDemo-Prefix.pch";
				INFOPLIST_FILE = "VERiceFieldAnimationDemoTests/VERiceFieldAnimationDemoTests-Info.plist";
				PRODUCT_NAME = "$(TARGET_NAME)";
				TEST_HOST = "$(BUNDLE_LOADER)";
				WRAPPER_EXTENSION = xctest;
			};
			name = Release;
		};
/* End XCBuildConfiguration section */

/* Begin XCConfigurationList section */
		2CE427DA19BE7CE6003CB25A /* Build configuration list for PBXProject "VERiceFieldAnimationDemo" */ = {
			isa = XCConfigurationList;
			buildConfigurations = (
				2CE4281219BE7CE6003CB25A /* Debug */,
				2CE4281319BE7CE6003CB25A /* Release */,
			);
			defaultConfigurationIsVisible = 0;
			defaultConfigurationName = Release;
		};
		2CE4281419BE7CE6003CB25A /* Build configuration list for PBXNativeTarget "VERiceFieldAnimationDemo" */ = {
			isa = XCConfigurationList;
			buildConfigurations = (
				2CE4281519BE7CE6003CB25A /* Debug */,
				2CE4281619BE7CE6003CB25A /* Release */,
			);
			defaultConfigurationIsVisible = 0;
		};
		2CE4281719BE7CE6003CB25A /* Build configuration list for PBXNativeTarget "VERiceFieldAnimationDemoTests" */ = {
			isa = XCConfigurationList;
			buildConfigurations = (
				2CE4281819BE7CE6003CB25A /* Debug */,
				2CE4281919BE7CE6003CB25A /* Release */,
			);
			defaultConfigurationIsVisible = 0;
		};
/* End XCConfigurationList section */
	};
	rootObject = 2CE427D719BE7CE6003CB25A /* Project object */;
}
